
Microsoft Visual Studio Solution File, Format Version 12.00
# Visual Studio Version 17
VisualStudioVersion = 17.5.33530.505
MinimumVisualStudioVersion = 10.0.40219.1
Project("{FAE04EC0-301F-11D3-BF4B-00C04F79EFBC}") = "PostOfficeManagementSystem2", "PostOfficeManagementSystem2\PostOfficeManagementSystem2.csproj", "{DD6EAEE4-E5F4-41EC-8C08-9AD92733180B}"
EndProject
Global
	GlobalSection(SolutionConfigurationPlatforms) = preSolution
		Debug|Any CPU = Debug|Any CPU
		Release|Any CPU = Release|Any CPU
	EndGlobalSection
	GlobalSection(ProjectConfigurationPlatforms) = postSolution
		{DD6EAEE4-E5F4-41EC-8C08-9AD92733180B}.Debug|Any CPU.ActiveCfg = Debug|Any CPU
		{DD6EAEE4-E5F4-41EC-8C08-9AD92733180B}.Debug|Any CPU.Build.0 = Debug|Any CPU
		{DD6EAEE4-E5F4-41EC-8C08-9AD92733180B}.Release|Any CPU.ActiveCfg = Release|Any CPU
		{DD6EAEE4-E5F4-41EC-8C08-9AD92733180B}.Release|Any CPU.Build.0 = Release|Any CPU
	EndGlobalSection
	GlobalSection(SolutionProperties) = preSolution
		HideSolutionNode = FALSE
	EndGlobalSection
	GlobalSection(ExtensibilityGlobals) = postSolution
		SolutionGuid = {FDE77B08-1E0E-42F2-87A8-48D0B1B55801}
	EndGlobalSection
EndGlobal
